{
  "name": "telly",
  "lockfileVersion": 2,
  "requires": true,
  "packages": {
    "": {
      "hasInstallScript": true,
      "dependencies": {
        "redux-connect": "^10.0.0",
        "redux-saga": "^1.1.3"
      }
    },
    "node_modules/@babel/runtime": {
      "version": "7.13.8",
      "resolved": "https://registry.npmjs.org/@babel/runtime/-/runtime-7.13.8.tgz",
      "integrity": "sha512-CwQljpw6qSayc0fRG1soxHAKs1CnQMOChm4mlQP6My0kf9upVGizj/KhlTTgyUnETmHpcUXjaluNAkteRFuafg==",
      "dependencies": {
        "regenerator-runtime": "^0.13.4"
      }
    },
    "node_modules/@redux-saga/core": {
      "version": "1.1.3",
      "resolved": "https://registry.npmjs.org/@redux-saga/core/-/core-1.1.3.tgz",
      "integrity": "sha512-8tInBftak8TPzE6X13ABmEtRJGjtK17w7VUs7qV17S8hCO5S3+aUTWZ/DBsBJPdE8Z5jOPwYALyvofgq1Ws+kg==",
      "dependencies": {
        "@babel/runtime": "^7.6.3",
        "@redux-saga/deferred": "^1.1.2",
        "@redux-saga/delay-p": "^1.1.2",
        "@redux-saga/is": "^1.1.2",
        "@redux-saga/symbols": "^1.1.2",
        "@redux-saga/types": "^1.1.0",
        "redux": "^4.0.4",
        "typescript-tuple": "^2.2.1"
      }
    },
    "node_modules/@redux-saga/deferred": {
      "version": "1.1.2",
      "resolved": "https://registry.npmjs.org/@redux-saga/deferred/-/deferred-1.1.2.tgz",
      "integrity": "sha512-908rDLHFN2UUzt2jb4uOzj6afpjgJe3MjICaUNO3bvkV/kN/cNeI9PMr8BsFXB/MR8WTAZQq/PlTq8Kww3TBSQ=="
    },
    "node_modules/@redux-saga/delay-p": {
      "version": "1.1.2",
      "resolved": "https://registry.npmjs.org/@redux-saga/delay-p/-/delay-p-1.1.2.tgz",
      "integrity": "sha512-ojc+1IoC6OP65Ts5+ZHbEYdrohmIw1j9P7HS9MOJezqMYtCDgpkoqB5enAAZrNtnbSL6gVCWPHaoaTY5KeO0/g==",
      "dependencies": {
        "@redux-saga/symbols": "^1.1.2"
      }
    },
    "node_modules/@redux-saga/is": {
      "version": "1.1.2",
      "resolved": "https://registry.npmjs.org/@redux-saga/is/-/is-1.1.2.tgz",
      "integrity": "sha512-OLbunKVsCVNTKEf2cH4TYyNbbPgvmZ52iaxBD4I1fTif4+MTXMa4/Z07L83zW/hTCXwpSZvXogqMqLfex2Tg6w==",
      "dependencies": {
        "@redux-saga/symbols": "^1.1.2",
        "@redux-saga/types": "^1.1.0"
      }
    },
    "node_modules/@redux-saga/symbols": {
      "version": "1.1.2",
      "resolved": "https://registry.npmjs.org/@redux-saga/symbols/-/symbols-1.1.2.tgz",
      "integrity": "sha512-EfdGnF423glv3uMwLsGAtE6bg+R9MdqlHEzExnfagXPrIiuxwr3bdiAwz3gi+PsrQ3yBlaBpfGLtDG8rf3LgQQ=="
    },
    "node_modules/@redux-saga/types": {
      "version": "1.1.0",
      "resolved": "https://registry.npmjs.org/@redux-saga/types/-/types-1.1.0.tgz",
      "integrity": "sha512-afmTuJrylUU/0OtqzaRkbyYFFNgCF73Bvel/sw90pvGrWIZ+vyoIJqA6eMSoA6+nb443kTmulmBtC9NerXboNg=="
    },
    "node_modules/history": {
      "version": "4.10.1",
      "resolved": "https://registry.npmjs.org/history/-/history-4.10.1.tgz",
      "integrity": "sha512-36nwAD620w12kuzPAsyINPWJqlNbij+hpK1k9XRloDtym8mxzGYl2c17LnV6IAGB2Dmg4tEa7G7DlawS0+qjew==",
      "peer": true,
      "dependencies": {
        "@babel/runtime": "^7.1.2",
        "loose-envify": "^1.2.0",
        "resolve-pathname": "^3.0.0",
        "tiny-invariant": "^1.0.2",
        "tiny-warning": "^1.0.0",
        "value-equal": "^1.0.1"
      }
    },
    "node_modules/hoist-non-react-statics": {
      "version": "3.3.2",
      "resolved": "https://registry.npmjs.org/hoist-non-react-statics/-/hoist-non-react-statics-3.3.2.tgz",
      "integrity": "sha512-/gGivxi8JPKWNm/W0jSmzcMPpfpPLc3dY/6GxhX2hQ9iGj3aDfklV4ET7NjKpSinLpJ5vafa9iiGIEZg10SfBw==",
      "peer": true,
      "dependencies": {
        "react-is": "^16.7.0"
      }
    },
    "node_modules/invariant": {
      "version": "2.2.4",
      "resolved": "https://registry.npmjs.org/invariant/-/invariant-2.2.4.tgz",
      "integrity": "sha512-phJfQVBuaJM5raOpJjSfkiD6BpbCE4Ns//LaXl6wGYtUBY83nWS6Rf9tXm2e8VaK60JEjYldbPif/A2B1C2gNA==",
      "peer": true,
      "dependencies": {
        "loose-envify": "^1.0.0"
      }
    },
    "node_modules/isarray": {
      "version": "0.0.1",
      "resolved": "https://registry.npmjs.org/isarray/-/isarray-0.0.1.tgz",
      "integrity": "sha1-ihis/Kmo9Bd+Cav8YDiTmwXR7t8=",
      "peer": true
    },
    "node_modules/js-tokens": {
      "version": "4.0.0",
      "resolved": "https://registry.npmjs.org/js-tokens/-/js-tokens-4.0.0.tgz",
      "integrity": "sha512-RdJUflcE3cUzKiMqQgsCu06FPu9UdIJO0beYbPhHN4k6apgJtifcoCtT9bcxOpYBtpD2kCM6Sbzg4CausW/PKQ=="
    },
    "node_modules/just-curry-it": {
      "version": "3.1.0",
      "resolved": "https://registry.npmjs.org/just-curry-it/-/just-curry-it-3.1.0.tgz",
      "integrity": "sha512-mjzgSOFzlrurlURaHVjnQodyPNvrHrf1TbQP2XU9NSqBtHQPuHZ+Eb6TAJP7ASeJN9h9K0KXoRTs8u6ouHBKvg==",
      "peer": true
    },
    "node_modules/loose-envify": {
      "version": "1.4.0",
      "resolved": "https://registry.npmjs.org/loose-envify/-/loose-envify-1.4.0.tgz",
      "integrity": "sha512-lyuxPGr/Wfhrlem2CL/UcnUc1zcqKAImBDzukY7Y5F/yQiNdko6+fRLevlw1HgMySw7f611UIY408EtxRSoK3Q==",
      "dependencies": {
        "js-tokens": "^3.0.0 || ^4.0.0"
      },
      "bin": {
        "loose-envify": "cli.js"
      }
    },
    "node_modules/mini-create-react-context": {
      "version": "0.4.1",
      "resolved": "https://registry.npmjs.org/mini-create-react-context/-/mini-create-react-context-0.4.1.tgz",
      "integrity": "sha512-YWCYEmd5CQeHGSAKrYvXgmzzkrvssZcuuQDDeqkT+PziKGMgE+0MCCtcKbROzocGBG1meBLl2FotlRwf4gAzbQ==",
      "peer": true,
      "dependencies": {
        "@babel/runtime": "^7.12.1",
        "tiny-warning": "^1.0.3"
      },
      "peerDependencies": {
        "prop-types": "^15.0.0",
        "react": "^0.14.0 || ^15.0.0 || ^16.0.0 || ^17.0.0"
      }
    },
    "node_modules/object-assign": {
      "version": "4.1.1",
      "resolved": "https://registry.npmjs.org/object-assign/-/object-assign-4.1.1.tgz",
      "integrity": "sha1-IQmtx5ZYh8/AXLvUQsrIv7s2CGM=",
      "peer": true,
      "engines": {
        "node": ">=0.10.0"
      }
    },
    "node_modules/path-to-regexp": {
      "version": "1.8.0",
      "resolved": "https://registry.npmjs.org/path-to-regexp/-/path-to-regexp-1.8.0.tgz",
      "integrity": "sha512-n43JRhlUKUAlibEJhPeir1ncUID16QnEjNpwzNdO3Lm4ywrBpBZ5oLD0I6br9evr1Y9JTqwRtAh7JLoOzAQdVA==",
      "peer": true,
      "dependencies": {
        "isarray": "0.0.1"
      }
    },
    "node_modules/prop-types": {
      "version": "15.7.2",
      "resolved": "https://registry.npmjs.org/prop-types/-/prop-types-15.7.2.tgz",
      "integrity": "sha512-8QQikdH7//R2vurIJSutZ1smHYTcLpRWEOlHnzcWHmBYrOGUysKwSsrC89BCiFj3CbrfJ/nXFdJepOVrY1GCHQ==",
      "peer": true,
      "dependencies": {
        "loose-envify": "^1.4.0",
        "object-assign": "^4.1.1",
        "react-is": "^16.8.1"
      }
    },
    "node_modules/react": {
      "version": "16.14.0",
      "resolved": "https://registry.npmjs.org/react/-/react-16.14.0.tgz",
      "integrity": "sha512-0X2CImDkJGApiAlcf0ODKIneSwBPhqJawOa5wCtKbu7ZECrmS26NvtSILynQ66cgkT/RJ4LidJOc3bUESwmU8g==",
      "peer": true,
      "dependencies": {
        "loose-envify": "^1.1.0",
        "object-assign": "^4.1.1",
        "prop-types": "^15.6.2"
      },
      "engines": {
        "node": ">=0.10.0"
      }
    },
    "node_modules/react-is": {
      "version": "16.13.1",
      "resolved": "https://registry.npmjs.org/react-is/-/react-is-16.13.1.tgz",
      "integrity": "sha512-24e6ynE2H+OKt4kqsOvNd8kBpV65zoxbA4BVsEOB3ARVWQki/DHzaUoC5KuON/BiccDaCCTZBuOcfZs70kR8bQ==",
      "peer": true
    },
    "node_modules/react-redux": {
      "version": "7.2.2",
      "resolved": "https://registry.npmjs.org/react-redux/-/react-redux-7.2.2.tgz",
      "integrity": "sha512-8+CQ1EvIVFkYL/vu6Olo7JFLWop1qRUeb46sGtIMDCSpgwPQq8fPLpirIB0iTqFe9XYEFPHssdX8/UwN6pAkEA==",
      "peer": true,
      "dependencies": {
        "@babel/runtime": "^7.12.1",
        "hoist-non-react-statics": "^3.3.2",
        "loose-envify": "^1.4.0",
        "prop-types": "^15.7.2",
        "react-is": "^16.13.1"
      },
      "peerDependencies": {
        "react": "^16.8.3 || ^17",
        "redux": "^2.0.0 || ^3.0.0 || ^4.0.0-0"
      },
      "peerDependenciesMeta": {
        "react-dom": {
          "optional": true
        },
        "react-native": {
          "optional": true
        }
      }
    },
    "node_modules/react-router": {
      "version": "5.2.0",
      "resolved": "https://registry.npmjs.org/react-router/-/react-router-5.2.0.tgz",
      "integrity": "sha512-smz1DUuFHRKdcJC0jobGo8cVbhO3x50tCL4icacOlcwDOEQPq4TMqwx3sY1TP+DvtTgz4nm3thuo7A+BK2U0Dw==",
      "peer": true,
      "dependencies": {
        "@babel/runtime": "^7.1.2",
        "history": "^4.9.0",
        "hoist-non-react-statics": "^3.1.0",
        "loose-envify": "^1.3.1",
        "mini-create-react-context": "^0.4.0",
        "path-to-regexp": "^1.7.0",
        "prop-types": "^15.6.2",
        "react-is": "^16.6.0",
        "tiny-invariant": "^1.0.2",
        "tiny-warning": "^1.0.0"
      },
      "peerDependencies": {
        "react": ">=15"
      }
    },
    "node_modules/react-router-config": {
      "version": "5.1.1",
      "resolved": "https://registry.npmjs.org/react-router-config/-/react-router-config-5.1.1.tgz",
      "integrity": "sha512-DuanZjaD8mQp1ppHjgnnUnyOlqYXZVjnov/JzFhjLEwd3Z4dYjMSnqrEzzGThH47vpCOqPPwJM2FtthLeJ8Pbg==",
      "peer": true,
      "dependencies": {
        "@babel/runtime": "^7.1.2"
      },
      "peerDependencies": {
        "react": ">=15",
        "react-router": ">=5"
      }
    },
    "node_modules/react-router-dom": {
      "version": "5.2.0",
      "resolved": "https://registry.npmjs.org/react-router-dom/-/react-router-dom-5.2.0.tgz",
      "integrity": "sha512-gxAmfylo2QUjcwxI63RhQ5G85Qqt4voZpUXSEqCwykV0baaOTQDR1f0PmY8AELqIyVc0NEZUj0Gov5lNGcXgsA==",
      "peer": true,
      "dependencies": {
        "@babel/runtime": "^7.1.2",
        "history": "^4.9.0",
        "loose-envify": "^1.3.1",
        "prop-types": "^15.6.2",
        "react-router": "5.2.0",
        "tiny-invariant": "^1.0.2",
        "tiny-warning": "^1.0.0"
      },
      "peerDependencies": {
        "react": ">=15"
      }
    },
    "node_modules/reduce-reducers": {
      "version": "0.4.3",
      "resolved": "https://registry.npmjs.org/reduce-reducers/-/reduce-reducers-0.4.3.tgz",
      "integrity": "sha512-+CNMnI8QhgVMtAt54uQs3kUxC3Sybpa7Y63HR14uGLgI9/QR5ggHvpxwhGGe3wmx5V91YwqQIblN9k5lspAmGw==",
      "peer": true
    },
    "node_modules/redux": {
      "version": "4.0.5",
      "resolved": "https://registry.npmjs.org/redux/-/redux-4.0.5.tgz",
      "integrity": "sha512-VSz1uMAH24DM6MF72vcojpYPtrTUu3ByVWfPL1nPfVRb5mZVTve5GnNCUV53QM/BZ66xfWrm0CTWoM+Xlz8V1w==",
      "dependencies": {
        "loose-envify": "^1.4.0",
        "symbol-observable": "^1.2.0"
      }
    },
    "node_modules/redux-actions": {
      "version": "2.6.5",
      "resolved": "https://registry.npmjs.org/redux-actions/-/redux-actions-2.6.5.tgz",
      "integrity": "sha512-pFhEcWFTYNk7DhQgxMGnbsB1H2glqhQJRQrtPb96kD3hWiZRzXHwwmFPswg6V2MjraXRXWNmuP9P84tvdLAJmw==",
      "peer": true,
      "dependencies": {
        "invariant": "^2.2.4",
        "just-curry-it": "^3.1.0",
        "loose-envify": "^1.4.0",
        "reduce-reducers": "^0.4.3",
        "to-camel-case": "^1.0.0"
      }
    },
    "node_modules/redux-connect": {
      "version": "10.0.0",
      "resolved": "https://registry.npmjs.org/redux-connect/-/redux-connect-10.0.0.tgz",
      "integrity": "sha512-lLyIuXKRLSXvdpOBEhNDsBwsf2NApEsvpxKQ+oGhL8jL0W9xzkqv35zcRTiPAAPreHQa1imY8OqpZ6h9nMoU5w==",
      "peerDependencies": {
        "prop-types": "15.x.x",
        "react": "^16.8.4",
        "react-redux": "7.x.x",
        "react-router": "5.x.x",
        "react-router-config": "5.x.x",
        "react-router-dom": "5.x.x",
        "redux-actions": "2.x.x"
      }
    },
    "node_modules/redux-saga": {
      "version": "1.1.3",
      "resolved": "https://registry.npmjs.org/redux-saga/-/redux-saga-1.1.3.tgz",
      "integrity": "sha512-RkSn/z0mwaSa5/xH/hQLo8gNf4tlvT18qXDNvedihLcfzh+jMchDgaariQoehCpgRltEm4zHKJyINEz6aqswTw==",
      "dependencies": {
        "@redux-saga/core": "^1.1.3"
      }
    },
    "node_modules/regenerator-runtime": {
      "version": "0.13.7",
      "resolved": "https://registry.npmjs.org/regenerator-runtime/-/regenerator-runtime-0.13.7.tgz",
      "integrity": "sha512-a54FxoJDIr27pgf7IgeQGxmqUNYrcV338lf/6gH456HZ/PhX+5BcwHXG9ajESmwe6WRO0tAzRUrRmNONWgkrew=="
    },
    "node_modules/resolve-pathname": {
      "version": "3.0.0",
      "resolved": "https://registry.npmjs.org/resolve-pathname/-/resolve-pathname-3.0.0.tgz",
      "integrity": "sha512-C7rARubxI8bXFNB/hqcp/4iUeIXJhJZvFPFPiSPRnhU5UPxzMFIl+2E6yY6c4k9giDJAhtV+enfA+G89N6Csng==",
      "peer": true
    },
    "node_modules/symbol-observable": {
      "version": "1.2.0",
      "resolved": "https://registry.npmjs.org/symbol-observable/-/symbol-observable-1.2.0.tgz",
      "integrity": "sha512-e900nM8RRtGhlV36KGEU9k65K3mPb1WV70OdjfxlG2EAuM1noi/E/BaW/uMhL7bPEssK8QV57vN3esixjUvcXQ==",
      "engines": {
        "node": ">=0.10.0"
      }
    },
    "node_modules/tiny-invariant": {
      "version": "1.1.0",
      "resolved": "https://registry.npmjs.org/tiny-invariant/-/tiny-invariant-1.1.0.tgz",
      "integrity": "sha512-ytxQvrb1cPc9WBEI/HSeYYoGD0kWnGEOR8RY6KomWLBVhqz0RgTwVO9dLrGz7dC+nN9llyI7OKAgRq8Vq4ZBSw==",
      "peer": true
    },
    "node_modules/tiny-warning": {
      "version": "1.0.3",
      "resolved": "https://registry.npmjs.org/tiny-warning/-/tiny-warning-1.0.3.tgz",
      "integrity": "sha512-lBN9zLN/oAf68o3zNXYrdCt1kP8WsiGW8Oo2ka41b2IM5JL/S1CTyX1rW0mb/zSuJun0ZUrDxx4sqvYS2FWzPA==",
      "peer": true
    },
    "node_modules/to-camel-case": {
      "version": "1.0.0",
      "resolved": "https://registry.npmjs.org/to-camel-case/-/to-camel-case-1.0.0.tgz",
      "integrity": "sha1-GlYFSy+daWKYzmamCJcyK29CPkY=",
      "peer": true,
      "dependencies": {
        "to-space-case": "^1.0.0"
      }
    },
    "node_modules/to-no-case": {
      "version": "1.0.2",
      "resolved": "https://registry.npmjs.org/to-no-case/-/to-no-case-1.0.2.tgz",
      "integrity": "sha1-xyKQcWTvaxeBMsjmmTAhLRtKoWo=",
      "peer": true
    },
    "node_modules/to-space-case": {
      "version": "1.0.0",
      "resolved": "https://registry.npmjs.org/to-space-case/-/to-space-case-1.0.0.tgz",
      "integrity": "sha1-sFLar7Gysp3HcM6gFj5ewOvJ/Bc=",
      "peer": true,
      "dependencies": {
        "to-no-case": "^1.0.0"
      }
    },
    "node_modules/typescript-compare": {
      "version": "0.0.2",
      "resolved": "https://registry.npmjs.org/typescript-compare/-/typescript-compare-0.0.2.tgz",
      "integrity": "sha512-8ja4j7pMHkfLJQO2/8tut7ub+J3Lw2S3061eJLFQcvs3tsmJKp8KG5NtpLn7KcY2w08edF74BSVN7qJS0U6oHA==",
      "dependencies": {
        "typescript-logic": "^0.0.0"
      }
    },
    "node_modules/typescript-logic": {
      "version": "0.0.0",
      "resolved": "https://registry.npmjs.org/typescript-logic/-/typescript-logic-0.0.0.tgz",
      "integrity": "sha512-zXFars5LUkI3zP492ls0VskH3TtdeHCqu0i7/duGt60i5IGPIpAHE/DWo5FqJ6EjQ15YKXrt+AETjv60Dat34Q=="
    },
    "node_modules/typescript-tuple": {
      "version": "2.2.1",
      "resolved": "https://registry.npmjs.org/typescript-tuple/-/typescript-tuple-2.2.1.tgz",
      "integrity": "sha512-Zcr0lbt8z5ZdEzERHAMAniTiIKerFCMgd7yjq1fPnDJ43et/k9twIFQMUYff9k5oXcsQ0WpvFcgzK2ZKASoW6Q==",
      "dependencies": {
        "typescript-compare": "^0.0.2"
      }
    },
    "node_modules/value-equal": {
      "version": "1.0.1",
      "resolved": "https://registry.npmjs.org/value-equal/-/value-equal-1.0.1.tgz",
      "integrity": "sha512-NOJ6JZCAWr0zlxZt+xqCHNTEKOsrks2HQd4MqhP1qy4z1SkbEP467eNx6TgDKXMvUOb+OENfJCZwM+16n7fRfw==",
      "peer": true
    }
  },
  "dependencies": {
    "@babel/runtime": {
      "version": "7.13.8",
      "resolved": "https://registry.npmjs.org/@babel/runtime/-/runtime-7.13.8.tgz",
      "integrity": "sha512-CwQljpw6qSayc0fRG1soxHAKs1CnQMOChm4mlQP6My0kf9upVGizj/KhlTTgyUnETmHpcUXjaluNAkteRFuafg==",
      "requires": {
        "regenerator-runtime": "^0.13.4"
      }
    },
    "@redux-saga/core": {
      "version": "1.1.3",
      "resolved": "https://registry.npmjs.org/@redux-saga/core/-/core-1.1.3.tgz",
      "integrity": "sha512-8tInBftak8TPzE6X13ABmEtRJGjtK17w7VUs7qV17S8hCO5S3+aUTWZ/DBsBJPdE8Z5jOPwYALyvofgq1Ws+kg==",
      "requires": {
        "@babel/runtime": "^7.6.3",
        "@redux-saga/deferred": "^1.1.2",
        "@redux-saga/delay-p": "^1.1.2",
        "@redux-saga/is": "^1.1.2",
        "@redux-saga/symbols": "^1.1.2",
        "@redux-saga/types": "^1.1.0",
        "redux": "^4.0.4",
        "typescript-tuple": "^2.2.1"
      }
    },
    "@redux-saga/deferred": {
      "version": "1.1.2",
      "resolved": "https://registry.npmjs.org/@redux-saga/deferred/-/deferred-1.1.2.tgz",
      "integrity": "sha512-908rDLHFN2UUzt2jb4uOzj6afpjgJe3MjICaUNO3bvkV/kN/cNeI9PMr8BsFXB/MR8WTAZQq/PlTq8Kww3TBSQ=="
    },
    "@redux-saga/delay-p": {
      "version": "1.1.2",
      "resolved": "https://registry.npmjs.org/@redux-saga/delay-p/-/delay-p-1.1.2.tgz",
      "integrity": "sha512-ojc+1IoC6OP65Ts5+ZHbEYdrohmIw1j9P7HS9MOJezqMYtCDgpkoqB5enAAZrNtnbSL6gVCWPHaoaTY5KeO0/g==",
      "requires": {
        "@redux-saga/symbols": "^1.1.2"
      }
    },
    "@redux-saga/is": {
      "version": "1.1.2",
      "resolved": "https://registry.npmjs.org/@redux-saga/is/-/is-1.1.2.tgz",
      "integrity": "sha512-OLbunKVsCVNTKEf2cH4TYyNbbPgvmZ52iaxBD4I1fTif4+MTXMa4/Z07L83zW/hTCXwpSZvXogqMqLfex2Tg6w==",
      "requires": {
        "@redux-saga/symbols": "^1.1.2",
        "@redux-saga/types": "^1.1.0"
      }
    },
    "@redux-saga/symbols": {
      "version": "1.1.2",
      "resolved": "https://registry.npmjs.org/@redux-saga/symbols/-/symbols-1.1.2.tgz",
      "integrity": "sha512-EfdGnF423glv3uMwLsGAtE6bg+R9MdqlHEzExnfagXPrIiuxwr3bdiAwz3gi+PsrQ3yBlaBpfGLtDG8rf3LgQQ=="
    },
    "@redux-saga/types": {
      "version": "1.1.0",
      "resolved": "https://registry.npmjs.org/@redux-saga/types/-/types-1.1.0.tgz",
      "integrity": "sha512-afmTuJrylUU/0OtqzaRkbyYFFNgCF73Bvel/sw90pvGrWIZ+vyoIJqA6eMSoA6+nb443kTmulmBtC9NerXboNg=="
    },
    "history": {
      "version": "4.10.1",
      "resolved": "https://registry.npmjs.org/history/-/history-4.10.1.tgz",
      "integrity": "sha512-36nwAD620w12kuzPAsyINPWJqlNbij+hpK1k9XRloDtym8mxzGYl2c17LnV6IAGB2Dmg4tEa7G7DlawS0+qjew==",
      "peer": true,
      "requires": {
        "@babel/runtime": "^7.1.2",
        "loose-envify": "^1.2.0",
        "resolve-pathname": "^3.0.0",
        "tiny-invariant": "^1.0.2",
        "tiny-warning": "^1.0.0",
        "value-equal": "^1.0.1"
      }
    },
    "hoist-non-react-statics": {
      "version": "3.3.2",
      "resolved": "https://registry.npmjs.org/hoist-non-react-statics/-/hoist-non-react-statics-3.3.2.tgz",
      "integrity": "sha512-/gGivxi8JPKWNm/W0jSmzcMPpfpPLc3dY/6GxhX2hQ9iGj3aDfklV4ET7NjKpSinLpJ5vafa9iiGIEZg10SfBw==",
      "peer": true,
      "requires": {
        "react-is": "^16.7.0"
      }
    },
    "invariant": {
      "version": "2.2.4",
      "resolved": "https://registry.npmjs.org/invariant/-/invariant-2.2.4.tgz",
      "integrity": "sha512-phJfQVBuaJM5raOpJjSfkiD6BpbCE4Ns//LaXl6wGYtUBY83nWS6Rf9tXm2e8VaK60JEjYldbPif/A2B1C2gNA==",
      "peer": true,
      "requires": {
        "loose-envify": "^1.0.0"
      }
    },
    "isarray": {
      "version": "0.0.1",
      "resolved": "https://registry.npmjs.org/isarray/-/isarray-0.0.1.tgz",
      "integrity": "sha1-ihis/Kmo9Bd+Cav8YDiTmwXR7t8=",
      "peer": true
    },
    "js-tokens": {
      "version": "4.0.0",
      "resolved": "https://registry.npmjs.org/js-tokens/-/js-tokens-4.0.0.tgz",
      "integrity": "sha512-RdJUflcE3cUzKiMqQgsCu06FPu9UdIJO0beYbPhHN4k6apgJtifcoCtT9bcxOpYBtpD2kCM6Sbzg4CausW/PKQ=="
    },
    "just-curry-it": {
      "version": "3.1.0",
      "resolved": "https://registry.npmjs.org/just-curry-it/-/just-curry-it-3.1.0.tgz",
      "integrity": "sha512-mjzgSOFzlrurlURaHVjnQodyPNvrHrf1TbQP2XU9NSqBtHQPuHZ+Eb6TAJP7ASeJN9h9K0KXoRTs8u6ouHBKvg==",
      "peer": true
    },
    "loose-envify": {
      "version": "1.4.0",
      "resolved": "https://registry.npmjs.org/loose-envify/-/loose-envify-1.4.0.tgz",
      "integrity": "sha512-lyuxPGr/Wfhrlem2CL/UcnUc1zcqKAImBDzukY7Y5F/yQiNdko6+fRLevlw1HgMySw7f611UIY408EtxRSoK3Q==",
      "requires": {
        "js-tokens": "^3.0.0 || ^4.0.0"
      }
    },
    "mini-create-react-context": {
      "version": "0.4.1",
      "resolved": "https://registry.npmjs.org/mini-create-react-context/-/mini-create-react-context-0.4.1.tgz",
      "integrity": "sha512-YWCYEmd5CQeHGSAKrYvXgmzzkrvssZcuuQDDeqkT+PziKGMgE+0MCCtcKbROzocGBG1meBLl2FotlRwf4gAzbQ==",
      "peer": true,
      "requires": {
        "@babel/runtime": "^7.12.1",
        "tiny-warning": "^1.0.3"
      }
    },
    "object-assign": {
      "version": "4.1.1",
      "resolved": "https://registry.npmjs.org/object-assign/-/object-assign-4.1.1.tgz",
      "integrity": "sha1-IQmtx5ZYh8/AXLvUQsrIv7s2CGM=",
      "peer": true
    },
    "path-to-regexp": {
      "version": "1.8.0",
      "resolved": "https://registry.npmjs.org/path-to-regexp/-/path-to-regexp-1.8.0.tgz",
      "integrity": "sha512-n43JRhlUKUAlibEJhPeir1ncUID16QnEjNpwzNdO3Lm4ywrBpBZ5oLD0I6br9evr1Y9JTqwRtAh7JLoOzAQdVA==",
      "peer": true,
      "requires": {
        "isarray": "0.0.1"
      }
    },
    "prop-types": {
      "version": "15.7.2",
      "resolved": "https://registry.npmjs.org/prop-types/-/prop-types-15.7.2.tgz",
      "integrity": "sha512-8QQikdH7//R2vurIJSutZ1smHYTcLpRWEOlHnzcWHmBYrOGUysKwSsrC89BCiFj3CbrfJ/nXFdJepOVrY1GCHQ==",
      "peer": true,
      "requires": {
        "loose-envify": "^1.4.0",
        "object-assign": "^4.1.1",
        "react-is": "^16.8.1"
      }
    },
    "react": {
      "version": "16.14.0",
      "resolved": "https://registry.npmjs.org/react/-/react-16.14.0.tgz",
      "integrity": "sha512-0X2CImDkJGApiAlcf0ODKIneSwBPhqJawOa5wCtKbu7ZECrmS26NvtSILynQ66cgkT/RJ4LidJOc3bUESwmU8g==",
      "peer": true,
      "requires": {
        "loose-envify": "^1.1.0",
        "object-assign": "^4.1.1",
        "prop-types": "^15.6.2"
      }
    },
    "react-is": {
      "version": "16.13.1",
      "resolved": "https://registry.npmjs.org/react-is/-/react-is-16.13.1.tgz",
      "integrity": "sha512-24e6ynE2H+OKt4kqsOvNd8kBpV65zoxbA4BVsEOB3ARVWQki/DHzaUoC5KuON/BiccDaCCTZBuOcfZs70kR8bQ==",
      "peer": true
    },
    "react-redux": {
      "version": "7.2.2",
      "resolved": "https://registry.npmjs.org/react-redux/-/react-redux-7.2.2.tgz",
      "integrity": "sha512-8+CQ1EvIVFkYL/vu6Olo7JFLWop1qRUeb46sGtIMDCSpgwPQq8fPLpirIB0iTqFe9XYEFPHssdX8/UwN6pAkEA==",
      "peer": true,
      "requires": {
        "@babel/runtime": "^7.12.1",
        "hoist-non-react-statics": "^3.3.2",
        "loose-envify": "^1.4.0",
        "prop-types": "^15.7.2",
        "react-is": "^16.13.1"
      }
    },
    "react-router": {
      "version": "5.2.0",
      "resolved": "https://registry.npmjs.org/react-router/-/react-router-5.2.0.tgz",
      "integrity": "sha512-smz1DUuFHRKdcJC0jobGo8cVbhO3x50tCL4icacOlcwDOEQPq4TMqwx3sY1TP+DvtTgz4nm3thuo7A+BK2U0Dw==",
      "peer": true,
      "requires": {
        "@babel/runtime": "^7.1.2",
        "history": "^4.9.0",
        "hoist-non-react-statics": "^3.1.0",
        "loose-envify": "^1.3.1",
        "mini-create-react-context": "^0.4.0",
        "path-to-regexp": "^1.7.0",
        "prop-types": "^15.6.2",
        "react-is": "^16.6.0",
        "tiny-invariant": "^1.0.2",
        "tiny-warning": "^1.0.0"
      }
    },
    "react-router-config": {
      "version": "5.1.1",
      "resolved": "https://registry.npmjs.org/react-router-config/-/react-router-config-5.1.1.tgz",
      "integrity": "sha512-DuanZjaD8mQp1ppHjgnnUnyOlqYXZVjnov/JzFhjLEwd3Z4dYjMSnqrEzzGThH47vpCOqPPwJM2FtthLeJ8Pbg==",
      "peer": true,
      "requires": {
        "@babel/runtime": "^7.1.2"
      }
    },
    "react-router-dom": {
      "version": "5.2.0",
      "resolved": "https://registry.npmjs.org/react-router-dom/-/react-router-dom-5.2.0.tgz",
      "integrity": "sha512-gxAmfylo2QUjcwxI63RhQ5G85Qqt4voZpUXSEqCwykV0baaOTQDR1f0PmY8AELqIyVc0NEZUj0Gov5lNGcXgsA==",
      "peer": true,
      "requires": {
        "@babel/runtime": "^7.1.2",
        "history": "^4.9.0",
        "loose-envify": "^1.3.1",
        "prop-types": "^15.6.2",
        "react-router": "5.2.0",
        "tiny-invariant": "^1.0.2",
        "tiny-warning": "^1.0.0"
      }
    },
    "reduce-reducers": {
      "version": "0.4.3",
      "resolved": "https://registry.npmjs.org/reduce-reducers/-/reduce-reducers-0.4.3.tgz",
      "integrity": "sha512-+CNMnI8QhgVMtAt54uQs3kUxC3Sybpa7Y63HR14uGLgI9/QR5ggHvpxwhGGe3wmx5V91YwqQIblN9k5lspAmGw==",
      "peer": true
    },
    "redux": {
      "version": "4.0.5",
      "resolved": "https://registry.npmjs.org/redux/-/redux-4.0.5.tgz",
      "integrity": "sha512-VSz1uMAH24DM6MF72vcojpYPtrTUu3ByVWfPL1nPfVRb5mZVTve5GnNCUV53QM/BZ66xfWrm0CTWoM+Xlz8V1w==",
      "requires": {
        "loose-envify": "^1.4.0",
        "symbol-observable": "^1.2.0"
      }
    },
    "redux-actions": {
      "version": "2.6.5",
      "resolved": "https://registry.npmjs.org/redux-actions/-/redux-actions-2.6.5.tgz",
      "integrity": "sha512-pFhEcWFTYNk7DhQgxMGnbsB1H2glqhQJRQrtPb96kD3hWiZRzXHwwmFPswg6V2MjraXRXWNmuP9P84tvdLAJmw==",
      "peer": true,
      "requires": {
        "invariant": "^2.2.4",
        "just-curry-it": "^3.1.0",
        "loose-envify": "^1.4.0",
        "reduce-reducers": "^0.4.3",
        "to-camel-case": "^1.0.0"
      }
    },
    "redux-connect": {
      "version": "10.0.0",
      "resolved": "https://registry.npmjs.org/redux-connect/-/redux-connect-10.0.0.tgz",
      "integrity": "sha512-lLyIuXKRLSXvdpOBEhNDsBwsf2NApEsvpxKQ+oGhL8jL0W9xzkqv35zcRTiPAAPreHQa1imY8OqpZ6h9nMoU5w==",
      "requires": {}
    },
    "redux-saga": {
      "version": "1.1.3",
      "resolved": "https://registry.npmjs.org/redux-saga/-/redux-saga-1.1.3.tgz",
      "integrity": "sha512-RkSn/z0mwaSa5/xH/hQLo8gNf4tlvT18qXDNvedihLcfzh+jMchDgaariQoehCpgRltEm4zHKJyINEz6aqswTw==",
      "requires": {
        "@redux-saga/core": "^1.1.3"
      }
    },
    "regenerator-runtime": {
      "version": "0.13.7",
      "resolved": "https://registry.npmjs.org/regenerator-runtime/-/regenerator-runtime-0.13.7.tgz",
      "integrity": "sha512-a54FxoJDIr27pgf7IgeQGxmqUNYrcV338lf/6gH456HZ/PhX+5BcwHXG9ajESmwe6WRO0tAzRUrRmNONWgkrew=="
    },
    "resolve-pathname": {
      "version": "3.0.0",
      "resolved": "https://registry.npmjs.org/resolve-pathname/-/resolve-pathname-3.0.0.tgz",
      "integrity": "sha512-C7rARubxI8bXFNB/hqcp/4iUeIXJhJZvFPFPiSPRnhU5UPxzMFIl+2E6yY6c4k9giDJAhtV+enfA+G89N6Csng==",
      "peer": true
    },
    "symbol-observable": {
      "version": "1.2.0",
      "resolved": "https://registry.npmjs.org/symbol-observable/-/symbol-observable-1.2.0.tgz",
      "integrity": "sha512-e900nM8RRtGhlV36KGEU9k65K3mPb1WV70OdjfxlG2EAuM1noi/E/BaW/uMhL7bPEssK8QV57vN3esixjUvcXQ=="
    },
    "tiny-invariant": {
      "version": "1.1.0",
      "resolved": "https://registry.npmjs.org/tiny-invariant/-/tiny-invariant-1.1.0.tgz",
      "integrity": "sha512-ytxQvrb1cPc9WBEI/HSeYYoGD0kWnGEOR8RY6KomWLBVhqz0RgTwVO9dLrGz7dC+nN9llyI7OKAgRq8Vq4ZBSw==",
      "peer": true
    },
    "tiny-warning": {
      "version": "1.0.3",
      "resolved": "https://registry.npmjs.org/tiny-warning/-/tiny-warning-1.0.3.tgz",
      "integrity": "sha512-lBN9zLN/oAf68o3zNXYrdCt1kP8WsiGW8Oo2ka41b2IM5JL/S1CTyX1rW0mb/zSuJun0ZUrDxx4sqvYS2FWzPA==",
      "peer": true
    },
    "to-camel-case": {
      "version": "1.0.0",
      "resolved": "https://registry.npmjs.org/to-camel-case/-/to-camel-case-1.0.0.tgz",
      "integrity": "sha1-GlYFSy+daWKYzmamCJcyK29CPkY=",
      "peer": true,
      "requires": {
        "to-space-case": "^1.0.0"
      }
    },
    "to-no-case": {
      "version": "1.0.2",
      "resolved": "https://registry.npmjs.org/to-no-case/-/to-no-case-1.0.2.tgz",
      "integrity": "sha1-xyKQcWTvaxeBMsjmmTAhLRtKoWo=",
      "peer": true
    },
    "to-space-case": {
      "version": "1.0.0",
      "resolved": "https://registry.npmjs.org/to-space-case/-/to-space-case-1.0.0.tgz",
      "integrity": "sha1-sFLar7Gysp3HcM6gFj5ewOvJ/Bc=",
      "peer": true,
      "requires": {
        "to-no-case": "^1.0.0"
      }
    },
    "typescript-compare": {
      "version": "0.0.2",
      "resolved": "https://registry.npmjs.org/typescript-compare/-/typescript-compare-0.0.2.tgz",
      "integrity": "sha512-8ja4j7pMHkfLJQO2/8tut7ub+J3Lw2S3061eJLFQcvs3tsmJKp8KG5NtpLn7KcY2w08edF74BSVN7qJS0U6oHA==",
      "requires": {
        "typescript-logic": "^0.0.0"
      }
    },
    "typescript-logic": {
      "version": "0.0.0",
      "resolved": "https://registry.npmjs.org/typescript-logic/-/typescript-logic-0.0.0.tgz",
      "integrity": "sha512-zXFars5LUkI3zP492ls0VskH3TtdeHCqu0i7/duGt60i5IGPIpAHE/DWo5FqJ6EjQ15YKXrt+AETjv60Dat34Q=="
    },
    "typescript-tuple": {
      "version": "2.2.1",
      "resolved": "https://registry.npmjs.org/typescript-tuple/-/typescript-tuple-2.2.1.tgz",
      "integrity": "sha512-Zcr0lbt8z5ZdEzERHAMAniTiIKerFCMgd7yjq1fPnDJ43et/k9twIFQMUYff9k5oXcsQ0WpvFcgzK2ZKASoW6Q==",
      "requires": {
        "typescript-compare": "^0.0.2"
      }
    },
    "value-equal": {
      "version": "1.0.1",
      "resolved": "https://registry.npmjs.org/value-equal/-/value-equal-1.0.1.tgz",
      "integrity": "sha512-NOJ6JZCAWr0zlxZt+xqCHNTEKOsrks2HQd4MqhP1qy4z1SkbEP467eNx6TgDKXMvUOb+OENfJCZwM+16n7fRfw==",
      "peer": true
    }
  }
}
